// !$*UTF8*$!
{
	archiveVersion = 1;
	classes = {
	};
	objectVersion = 56;
	objects = {

/* Begin PBXBuildFile section */
		454DE1E12BE3044300954F65 /* MovieBookingApp.swift in Sources */ = {isa = PBXBuildFile; fileRef = 454DE1E02BE3044300954F65 /* MovieBookingApp.swift */; };
		454DE1E32BE3044300954F65 /* ContentView.swift in Sources */ = {isa = PBXBuildFile; fileRef = 454DE1E22BE3044300954F65 /* ContentView.swift */; };
		454DE1E52BE3044500954F65 /* Assets.xcassets in Resources */ = {isa = PBXBuildFile; fileRef = 454DE1E42BE3044500954F65 /* Assets.xcassets */; };
		454DE1E82BE3044500954F65 /* Preview Assets.xcassets in Resources */ = {isa = PBXBuildFile; fileRef = 454DE1E72BE3044500954F65 /* Preview Assets.xcassets */; };
		454DE1F02BE3048400954F65 /* TicketView.swift in Sources */ = {isa = PBXBuildFile; fileRef = 454DE1EF2BE3048400954F65 /* TicketView.swift */; };
		454DE1F32BE3083200954F65 /* CircleBackground.swift in Sources */ = {isa = PBXBuildFile; fileRef = 454DE1F22BE3083200954F65 /* CircleBackground.swift */; };
		454DE1F62BE30A7000954F65 /* TicketData.swift in Sources */ = {isa = PBXBuildFile; fileRef = 454DE1F52BE30A7000954F65 /* TicketData.swift */; };
		454DE1F92BE30B4900954F65 /* Ticket.swift in Sources */ = {isa = PBXBuildFile; fileRef = 454DE1F82BE30B4900954F65 /* Ticket.swift */; };
		454DE1FD2BE3357D00954F65 /* utils.swift in Sources */ = {isa = PBXBuildFile; fileRef = 454DE1FC2BE3357D00954F65 /* utils.swift */; };
		454DE1FF2BE3387C00954F65 /* Tickets.swift in Sources */ = {isa = PBXBuildFile; fileRef = 454DE1FE2BE3387C00954F65 /* Tickets.swift */; };
		454DE2012BE339E900954F65 /* SeatsView.swift in Sources */ = {isa = PBXBuildFile; fileRef = 454DE2002BE339E800954F65 /* SeatsView.swift */; };
		454DE2032BE33A0000954F65 /* HomeView.swift in Sources */ = {isa = PBXBuildFile; fileRef = 454DE2022BE33A0000954F65 /* HomeView.swift */; };
		454DE2052BE33A1E00954F65 /* BookingView.swift in Sources */ = {isa = PBXBuildFile; fileRef = 454DE2042BE33A1E00954F65 /* BookingView.swift */; };
		454DE2082BE33A5100954F65 /* CircleButton.swift in Sources */ = {isa = PBXBuildFile; fileRef = 454DE2072BE33A5100954F65 /* CircleButton.swift */; };
		454DE20A2BE33A7A00954F65 /* DateButton.swift in Sources */ = {isa = PBXBuildFile; fileRef = 454DE2092BE33A7A00954F65 /* DateButton.swift */; };
		454DE20C2BE33A9600954F65 /* LargeButton.swift in Sources */ = {isa = PBXBuildFile; fileRef = 454DE20B2BE33A9600954F65 /* LargeButton.swift */; };
		454DE20E2BE33AB300954F65 /* RoundButton.swift in Sources */ = {isa = PBXBuildFile; fileRef = 454DE20D2BE33AB300954F65 /* RoundButton.swift */; };
		454DE2102BE33ACD00954F65 /* TimeButton.swift in Sources */ = {isa = PBXBuildFile; fileRef = 454DE20F2BE33ACD00954F65 /* TimeButton.swift */; };
		454DE2122BE33AFB00954F65 /* TabData.swift in Sources */ = {isa = PBXBuildFile; fileRef = 454DE2112BE33AFB00954F65 /* TabData.swift */; };
		454DE2142BE33B1800954F65 /* PosterData.swift in Sources */ = {isa = PBXBuildFile; fileRef = 454DE2132BE33B1800954F65 /* PosterData.swift */; };
		454DE2162BE33B4300954F65 /* CustomSearchBar.swift in Sources */ = {isa = PBXBuildFile; fileRef = 454DE2152BE33B4300954F65 /* CustomSearchBar.swift */; };
		454DE2182BE33B5E00954F65 /* CustomTabBar.swift in Sources */ = {isa = PBXBuildFile; fileRef = 454DE2172BE33B5E00954F65 /* CustomTabBar.swift */; };
		454DE21A2BE33B8D00954F65 /* ScrollSection.swift in Sources */ = {isa = PBXBuildFile; fileRef = 454DE2192BE33B8D00954F65 /* ScrollSection.swift */; };
		454DE21C2BE33B9C00954F65 /* StatusUI.swift in Sources */ = {isa = PBXBuildFile; fileRef = 454DE21B2BE33B9C00954F65 /* StatusUI.swift */; };
/* End PBXBuildFile section */

/* Begin PBXFileReference section */
		454DE1DD2BE3044300954F65 /* MovieBooking.app */ = {isa = PBXFileReference; explicitFileType = wrapper.application; includeInIndex = 0; path = MovieBooking.app; sourceTree = BUILT_PRODUCTS_DIR; };
		454DE1E02BE3044300954F65 /* MovieBookingApp.swift */ = {isa = PBXFileReference; lastKnownFileType = sourcecode.swift; path = MovieBookingApp.swift; sourceTree = "<group>"; };
		454DE1E22BE3044300954F65 /* ContentView.swift */ = {isa = PBXFileReference; lastKnownFileType = sourcecode.swift; path = ContentView.swift; sourceTree = "<group>"; };
		454DE1E42BE3044500954F65 /* Assets.xcassets */ = {isa = PBXFileReference; lastKnownFileType = folder.assetcatalog; path = Assets.xcassets; sourceTree = "<group>"; };
		454DE1E72BE3044500954F65 /* Preview Assets.xcassets */ = {isa = PBXFileReference; lastKnownFileType = folder.assetcatalog; path = "Preview Assets.xcassets"; sourceTree = "<group>"; };
		454DE1EF2BE3048400954F65 /* TicketView.swift */ = {isa = PBXFileReference; lastKnownFileType = sourcecode.swift; path = TicketView.swift; sourceTree = "<group>"; };
		454DE1F22BE3083200954F65 /* CircleBackground.swift */ = {isa = PBXFileReference; lastKnownFileType = sourcecode.swift; path = CircleBackground.swift; sourceTree = "<group>"; };
		454DE1F52BE30A7000954F65 /* TicketData.swift */ = {isa = PBXFileReference; lastKnownFileType = sourcecode.swift; path = TicketData.swift; sourceTree = "<group>"; };
		454DE1F82BE30B4900954F65 /* Ticket.swift */ = {isa = PBXFileReference; lastKnownFileType = sourcecode.swift; path = Ticket.swift; sourceTree = "<group>"; };
		454DE1FC2BE3357D00954F65 /* utils.swift */ = {isa = PBXFileReference; fileEncoding = 4; lastKnownFileType = sourcecode.swift; path = utils.swift; sourceTree = "<group>"; };
		454DE1FE2BE3387C00954F65 /* Tickets.swift */ = {isa = PBXFileReference; lastKnownFileType = sourcecode.swift; path = Tickets.swift; sourceTree = "<group>"; };
		454DE2002BE339E800954F65 /* SeatsView.swift */ = {isa = PBXFileReference; lastKnownFileType = sourcecode.swift; path = SeatsView.swift; sourceTree = "<group>"; };
		454DE2022BE33A0000954F65 /* HomeView.swift */ = {isa = PBXFileReference; lastKnownFileType = sourcecode.swift; path = HomeView.swift; sourceTree = "<group>"; };
		454DE2042BE33A1E00954F65 /* BookingView.swift */ = {isa = PBXFileReference; lastKnownFileType = sourcecode.swift; path = BookingView.swift; sourceTree = "<group>"; };
		454DE2072BE33A5100954F65 /* CircleButton.swift */ = {isa = PBXFileReference; lastKnownFileType = sourcecode.swift; path = CircleButton.swift; sourceTree = "<group>"; };
		454DE2092BE33A7A00954F65 /* DateButton.swift */ = {isa = PBXFileReference; lastKnownFileType = sourcecode.swift; path = DateButton.swift; sourceTree = "<group>"; };
		454DE20B2BE33A9600954F65 /* LargeButton.swift */ = {isa = PBXFileReference; lastKnownFileType = sourcecode.swift; path = LargeButton.swift; sourceTree = "<group>"; };
		454DE20D2BE33AB300954F65 /* RoundButton.swift */ = {isa = PBXFileReference; lastKnownFileType = sourcecode.swift; path = RoundButton.swift; sourceTree = "<group>"; };
		454DE20F2BE33ACD00954F65 /* TimeButton.swift */ = {isa = PBXFileReference; lastKnownFileType = sourcecode.swift; path = TimeButton.swift; sourceTree = "<group>"; };
		454DE2112BE33AFB00954F65 /* TabData.swift */ = {isa = PBXFileReference; lastKnownFileType = sourcecode.swift; path = TabData.swift; sourceTree = "<group>"; };
		454DE2132BE33B1800954F65 /* PosterData.swift */ = {isa = PBXFileReference; lastKnownFileType = sourcecode.swift; path = PosterData.swift; sourceTree = "<group>"; };
		454DE2152BE33B4300954F65 /* CustomSearchBar.swift */ = {isa = PBXFileReference; lastKnownFileType = sourcecode.swift; path = CustomSearchBar.swift; sourceTree = "<group>"; };
		454DE2172BE33B5E00954F65 /* CustomTabBar.swift */ = {isa = PBXFileReference; lastKnownFileType = sourcecode.swift; path = CustomTabBar.swift; sourceTree = "<group>"; };
		454DE2192BE33B8D00954F65 /* ScrollSection.swift */ = {isa = PBXFileReference; lastKnownFileType = sourcecode.swift; path = ScrollSection.swift; sourceTree = "<group>"; };
		454DE21B2BE33B9C00954F65 /* StatusUI.swift */ = {isa = PBXFileReference; lastKnownFileType = sourcecode.swift; path = StatusUI.swift; sourceTree = "<group>"; };
/* End PBXFileReference section */

/* Begin PBXFrameworksBuildPhase section */
		454DE1DA2BE3044300954F65 /* Frameworks */ = {
			isa = PBXFrameworksBuildPhase;
			buildActionMask = 2147483647;
			files = (
			);
			runOnlyForDeploymentPostprocessing = 0;
		};
/* End PBXFrameworksBuildPhase section */

/* Begin PBXGroup section */
		454DE1D42BE3044300954F65 = {
			isa = PBXGroup;
			children = (
				454DE1DF2BE3044300954F65 /* MovieBooking */,
				454DE1DE2BE3044300954F65 /* Products */,
			);
			sourceTree = "<group>";
		};
		454DE1DE2BE3044300954F65 /* Products */ = {
			isa = PBXGroup;
			children = (
				454DE1DD2BE3044300954F65 /* MovieBooking.app */,
			);
			name = Products;
			sourceTree = "<group>";
		};
		454DE1DF2BE3044300954F65 /* MovieBooking */ = {
			isa = PBXGroup;
			children = (
				454DE2062BE33A3800954F65 /* Buttons */,
				454DE1F72BE30B3B00954F65 /* Cards */,
				454DE1F42BE30A4F00954F65 /* Data */,
				454DE1F12BE3080400954F65 /* UI */,
				454DE1EE2BE3047500954F65 /* Views */,
				454DE1E02BE3044300954F65 /* MovieBookingApp.swift */,
				454DE1E22BE3044300954F65 /* ContentView.swift */,
				454DE1E42BE3044500954F65 /* Assets.xcassets */,
				454DE1FC2BE3357D00954F65 /* utils.swift */,
				454DE1E62BE3044500954F65 /* Preview Content */,
			);
			path = MovieBooking;
			sourceTree = "<group>";
		};
		454DE1E62BE3044500954F65 /* Preview Content */ = {
			isa = PBXGroup;
			children = (
				454DE1E72BE3044500954F65 /* Preview Assets.xcassets */,
			);
			path = "Preview Content";
			sourceTree = "<group>";
		};
		454DE1EE2BE3047500954F65 /* Views */ = {
			isa = PBXGroup;
			children = (
				454DE1EF2BE3048400954F65 /* TicketView.swift */,
				454DE2002BE339E800954F65 /* SeatsView.swift */,
				454DE2022BE33A0000954F65 /* HomeView.swift */,
				454DE2042BE33A1E00954F65 /* BookingView.swift */,
			);
			path = Views;
			sourceTree = "<group>";
		};
		454DE1F12BE3080400954F65 /* UI */ = {
			isa = PBXGroup;
			children = (
				454DE1F22BE3083200954F65 /* CircleBackground.swift */,
				454DE2152BE33B4300954F65 /* CustomSearchBar.swift */,
				454DE2172BE33B5E00954F65 /* CustomTabBar.swift */,
				454DE2192BE33B8D00954F65 /* ScrollSection.swift */,
				454DE21B2BE33B9C00954F65 /* StatusUI.swift */,
			);
			path = UI;
			sourceTree = "<group>";
		};
		454DE1F42BE30A4F00954F65 /* Data */ = {
			isa = PBXGroup;
			children = (
				454DE1F52BE30A7000954F65 /* TicketData.swift */,
				454DE2132BE33B1800954F65 /* PosterData.swift */,
			);
			path = Data;
			sourceTree = "<group>";
		};
		454DE1F72BE30B3B00954F65 /* Cards */ = {
			isa = PBXGroup;
			children = (
				454DE1F82BE30B4900954F65 /* Ticket.swift */,
				454DE1FE2BE3387C00954F65 /* Tickets.swift */,
				454DE2112BE33AFB00954F65 /* TabData.swift */,
			);
			path = Cards;
			sourceTree = "<group>";
		};
		454DE2062BE33A3800954F65 /* Buttons */ = {
			isa = PBXGroup;
			children = (
				454DE2072BE33A5100954F65 /* CircleButton.swift */,
				454DE2092BE33A7A00954F65 /* DateButton.swift */,
				454DE20B2BE33A9600954F65 /* LargeButton.swift */,
				454DE20D2BE33AB300954F65 /* RoundButton.swift */,
				454DE20F2BE33ACD00954F65 /* TimeButton.swift */,
			);
			path = Buttons;
			sourceTree = "<group>";
		};
/* End PBXGroup section */

/* Begin PBXNativeTarget section */
		454DE1DC2BE3044300954F65 /* MovieBooking */ = {
			isa = PBXNativeTarget;
			buildConfigurationList = 454DE1EB2BE3044500954F65 /* Build configuration list for PBXNativeTarget "MovieBooking" */;
			buildPhases = (
				454DE1D92BE3044300954F65 /* Sources */,
				454DE1DA2BE3044300954F65 /* Frameworks */,
				454DE1DB2BE3044300954F65 /* Resources */,
			);
			buildRules = (
			);
			dependencies = (
			);
			name = MovieBooking;
			productName = MovieBooking;
			productReference = 454DE1DD2BE3044300954F65 /* MovieBooking.app */;
			productType = "com.apple.product-type.application";
		};
/* End PBXNativeTarget section */

/* Begin PBXProject section */
		454DE1D52BE3044300954F65 /* Project object */ = {
			isa = PBXProject;
			attributes = {
				BuildIndependentTargetsInParallel = 1;
				LastSwiftUpdateCheck = 1530;
				LastUpgradeCheck = 1530;
				TargetAttributes = {
					454DE1DC2BE3044300954F65 = {
						CreatedOnToolsVersion = 15.3;
					};
				};
			};
			buildConfigurationList = 454DE1D82BE3044300954F65 /* Build configuration list for PBXProject "MovieBooking" */;
			compatibilityVersion = "Xcode 14.0";
			developmentRegion = en;
			hasScannedForEncodings = 0;
			knownRegions = (
				en,
				Base,
			);
			mainGroup = 454DE1D42BE3044300954F65;
			productRefGroup = 454DE1DE2BE3044300954F65 /* Products */;
			projectDirPath = "";
			projectRoot = "";
			targets = (
				454DE1DC2BE3044300954F65 /* MovieBooking */,
			);
		};
/* End PBXProject section */

/* Begin PBXResourcesBuildPhase section */
		454DE1DB2BE3044300954F65 /* Resources */ = {
			isa = PBXResourcesBuildPhase;
			buildActionMask = 2147483647;
			files = (
				454DE1E82BE3044500954F65 /* Preview Assets.xcassets in Resources */,
				454DE1E52BE3044500954F65 /* Assets.xcassets in Resources */,
			);
			runOnlyForDeploymentPostprocessing = 0;
		};
/* End PBXResourcesBuildPhase section */

/* Begin PBXSourcesBuildPhase section */
		454DE1D92BE3044300954F65 /* Sources */ = {
			isa = PBXSourcesBuildPhase;
			buildActionMask = 2147483647;
			files = (
				454DE1F02BE3048400954F65 /* TicketView.swift in Sources */,
				454DE1F92BE30B4900954F65 /* Ticket.swift in Sources */,
				454DE1E32BE3044300954F65 /* ContentView.swift in Sources */,
				454DE2082BE33A5100954F65 /* CircleButton.swift in Sources */,
				454DE2032BE33A0000954F65 /* HomeView.swift in Sources */,
				454DE1E12BE3044300954F65 /* MovieBookingApp.swift in Sources */,
				454DE2102BE33ACD00954F65 /* TimeButton.swift in Sources */,
				454DE20E2BE33AB300954F65 /* RoundButton.swift in Sources */,
				454DE2012BE339E900954F65 /* SeatsView.swift in Sources */,
				454DE21C2BE33B9C00954F65 /* StatusUI.swift in Sources */,
				454DE1F32BE3083200954F65 /* CircleBackground.swift in Sources */,
				454DE1F62BE30A7000954F65 /* TicketData.swift in Sources */,
				454DE2162BE33B4300954F65 /* CustomSearchBar.swift in Sources */,
				454DE2122BE33AFB00954F65 /* TabData.swift in Sources */,
				454DE1FD2BE3357D00954F65 /* utils.swift in Sources */,
				454DE2052BE33A1E00954F65 /* BookingView.swift in Sources */,
				454DE2142BE33B1800954F65 /* PosterData.swift in Sources */,
				454DE2182BE33B5E00954F65 /* CustomTabBar.swift in Sources */,
				454DE20C2BE33A9600954F65 /* LargeButton.swift in Sources */,
				454DE20A2BE33A7A00954F65 /* DateButton.swift in Sources */,
				454DE1FF2BE3387C00954F65 /* Tickets.swift in Sources */,
				454DE21A2BE33B8D00954F65 /* ScrollSection.swift in Sources */,
			);
			runOnlyForDeploymentPostprocessing = 0;
		};
/* End PBXSourcesBuildPhase section */

/* Begin XCBuildConfiguration section */
		454DE1E92BE3044500954F65 /* Debug */ = {
			isa = XCBuildConfiguration;
			buildSettings = {
				ALWAYS_SEARCH_USER_PATHS = NO;
				ASSETCATALOG_COMPILER_GENERATE_SWIFT_ASSET_SYMBOL_EXTENSIONS = YES;
				CLANG_ANALYZER_NONNULL = YES;
				CLANG_ANALYZER_NUMBER_OBJECT_CONVERSION = YES_AGGRESSIVE;
				CLANG_CXX_LANGUAGE_STANDARD = "gnu++20";
				CLANG_ENABLE_MODULES = YES;
				CLANG_ENABLE_OBJC_ARC = YES;
				CLANG_ENABLE_OBJC_WEAK = YES;
				CLANG_WARN_BLOCK_CAPTURE_AUTORELEASING = YES;
				CLANG_WARN_BOOL_CONVERSION = YES;
				CLANG_WARN_COMMA = YES;
				CLANG_WARN_CONSTANT_CONVERSION = YES;
				CLANG_WARN_DEPRECATED_OBJC_IMPLEMENTATIONS = YES;
				CLANG_WARN_DIRECT_OBJC_ISA_USAGE = YES_ERROR;
				CLANG_WARN_DOCUMENTATION_COMMENTS = YES;
				CLANG_WARN_EMPTY_BODY = YES;
				CLANG_WARN_ENUM_CONVERSION = YES;
				CLANG_WARN_INFINITE_RECURSION = YES;
				CLANG_WARN_INT_CONVERSION = YES;
				CLANG_WARN_NON_LITERAL_NULL_CONVERSION = YES;
				CLANG_WARN_OBJC_IMPLICIT_RETAIN_SELF = YES;
				CLANG_WARN_OBJC_LITERAL_CONVERSION = YES;
				CLANG_WARN_OBJC_ROOT_CLASS = YES_ERROR;
				CLANG_WARN_QUOTED_INCLUDE_IN_FRAMEWORK_HEADER = YES;
				CLANG_WARN_RANGE_LOOP_ANALYSIS = YES;
				CLANG_WARN_STRICT_PROTOTYPES = YES;
				CLANG_WARN_SUSPICIOUS_MOVE = YES;
				CLANG_WARN_UNGUARDED_AVAILABILITY = YES_AGGRESSIVE;
				CLANG_WARN_UNREACHABLE_CODE = YES;
				CLANG_WARN__DUPLICATE_METHOD_MATCH = YES;
				COPY_PHASE_STRIP = NO;
				DEBUG_INFORMATION_FORMAT = dwarf;
				ENABLE_STRICT_OBJC_MSGSEND = YES;
				ENABLE_TESTABILITY = YES;
				ENABLE_USER_SCRIPT_SANDBOXING = YES;
				GCC_C_LANGUAGE_STANDARD = gnu17;
				GCC_DYNAMIC_NO_PIC = NO;
				GCC_NO_COMMON_BLOCKS = YES;
				GCC_OPTIMIZATION_LEVEL = 0;
				GCC_PREPROCESSOR_DEFINITIONS = (
					"DEBUG=1",
					"$(inherited)",
				);
				GCC_WARN_64_TO_32_BIT_CONVERSION = YES;
				GCC_WARN_ABOUT_RETURN_TYPE = YES_ERROR;
				GCC_WARN_UNDECLARED_SELECTOR = YES;
				GCC_WARN_UNINITIALIZED_AUTOS = YES_AGGRESSIVE;
				GCC_WARN_UNUSED_FUNCTION = YES;
				GCC_WARN_UNUSED_VARIABLE = YES;
				IPHONEOS_DEPLOYMENT_TARGET = 17.4;
				LOCALIZATION_PREFERS_STRING_CATALOGS = YES;
				MTL_ENABLE_DEBUG_INFO = INCLUDE_SOURCE;
				MTL_FAST_MATH = YES;
				ONLY_ACTIVE_ARCH = YES;
				SDKROOT = iphoneos;
				SWIFT_ACTIVE_COMPILATION_CONDITIONS = "DEBUG $(inherited)";
				SWIFT_OPTIMIZATION_LEVEL = "-Onone";
			};
			name = Debug;
		};
		454DE1EA2BE3044500954F65 /* Release */ = {
			isa = XCBuildConfiguration;
			buildSettings = {
				ALWAYS_SEARCH_USER_PATHS = NO;
				ASSETCATALOG_COMPILER_GENERATE_SWIFT_ASSET_SYMBOL_EXTENSIONS = YES;
				CLANG_ANALYZER_NONNULL = YES;
				CLANG_ANALYZER_NUMBER_OBJECT_CONVERSION = YES_AGGRESSIVE;
				CLANG_CXX_LANGUAGE_STANDARD = "gnu++20";
				CLANG_ENABLE_MODULES = YES;
				CLANG_ENABLE_OBJC_ARC = YES;
				CLANG_ENABLE_OBJC_WEAK = YES;
				CLANG_WARN_BLOCK_CAPTURE_AUTORELEASING = YES;
				CLANG_WARN_BOOL_CONVERSION = YES;
				CLANG_WARN_COMMA = YES;
				CLANG_WARN_CONSTANT_CONVERSION = YES;
				CLANG_WARN_DEPRECATED_OBJC_IMPLEMENTATIONS = YES;
				CLANG_WARN_DIRECT_OBJC_ISA_USAGE = YES_ERROR;
				CLANG_WARN_DOCUMENTATION_COMMENTS = YES;
				CLANG_WARN_EMPTY_BODY = YES;
				CLANG_WARN_ENUM_CONVERSION = YES;
				CLANG_WARN_INFINITE_RECURSION = YES;
				CLANG_WARN_INT_CONVERSION = YES;
				CLANG_WARN_NON_LITERAL_NULL_CONVERSION = YES;
				CLANG_WARN_OBJC_IMPLICIT_RETAIN_SELF = YES;
				CLANG_WARN_OBJC_LITERAL_CONVERSION = YES;
				CLANG_WARN_OBJC_ROOT_CLASS = YES_ERROR;
				CLANG_WARN_QUOTED_INCLUDE_IN_FRAMEWORK_HEADER = YES;
				CLANG_WARN_RANGE_LOOP_ANALYSIS = YES;
				CLANG_WARN_STRICT_PROTOTYPES = YES;
				CLANG_WARN_SUSPICIOUS_MOVE = YES;
				CLANG_WARN_UNGUARDED_AVAILABILITY = YES_AGGRESSIVE;
				CLANG_WARN_UNREACHABLE_CODE = YES;
				CLANG_WARN__DUPLICATE_METHOD_MATCH = YES;
				COPY_PHASE_STRIP = NO;
				DEBUG_INFORMATION_FORMAT = "dwarf-with-dsym";
				ENABLE_NS_ASSERTIONS = NO;
				ENABLE_STRICT_OBJC_MSGSEND = YES;
				ENABLE_USER_SCRIPT_SANDBOXING = YES;
				GCC_C_LANGUAGE_STANDARD = gnu17;
				GCC_NO_COMMON_BLOCKS = YES;
				GCC_WARN_64_TO_32_BIT_CONVERSION = YES;
				GCC_WARN_ABOUT_RETURN_TYPE = YES_ERROR;
				GCC_WARN_UNDECLARED_SELECTOR = YES;
				GCC_WARN_UNINITIALIZED_AUTOS = YES_AGGRESSIVE;
				GCC_WARN_UNUSED_FUNCTION = YES;
				GCC_WARN_UNUSED_VARIABLE = YES;
				IPHONEOS_DEPLOYMENT_TARGET = 17.4;
				LOCALIZATION_PREFERS_STRING_CATALOGS = YES;
				MTL_ENABLE_DEBUG_INFO = NO;
				MTL_FAST_MATH = YES;
				SDKROOT = iphoneos;
				SWIFT_COMPILATION_MODE = wholemodule;
				VALIDATE_PRODUCT = YES;
			};
			name = Release;
		};
		454DE1EC2BE3044500954F65 /* Debug */ = {
			isa = XCBuildConfiguration;
			buildSettings = {
				ASSETCATALOG_COMPILER_APPICON_NAME = AppIcon;
				ASSETCATALOG_COMPILER_GLOBAL_ACCENT_COLOR_NAME = AccentColor;
				CODE_SIGN_STYLE = Automatic;
				CURRENT_PROJECT_VERSION = 1;
				DEVELOPMENT_ASSET_PATHS = "\"MovieBooking/Preview Content\"";
				DEVELOPMENT_TEAM = 7L98N84W3J;
				ENABLE_PREVIEWS = YES;
				GENERATE_INFOPLIST_FILE = YES;
				INFOPLIST_KEY_UIApplicationSceneManifest_Generation = YES;
				INFOPLIST_KEY_UIApplicationSupportsIndirectInputEvents = YES;
				INFOPLIST_KEY_UILaunchScreen_Generation = YES;
				INFOPLIST_KEY_UISupportedInterfaceOrientations_iPad = "UIInterfaceOrientationPortrait UIInterfaceOrientationPortraitUpsideDown UIInterfaceOrientationLandscapeLeft UIInterfaceOrientationLandscapeRight";
				INFOPLIST_KEY_UISupportedInterfaceOrientations_iPhone = "UIInterfaceOrientationPortrait UIInterfaceOrientationLandscapeLeft UIInterfaceOrientationLandscapeRight";
				LD_RUNPATH_SEARCH_PATHS = (
					"$(inherited)",
					"@executable_path/Frameworks",
				);
				MARKETING_VERSION = 1.0;
				PRODUCT_BUNDLE_IDENTIFIER = tech.alloy.MovieBooking;
				PRODUCT_NAME = "$(TARGET_NAME)";
				SWIFT_EMIT_LOC_STRINGS = YES;
				SWIFT_VERSION = 5.0;
				TARGETED_DEVICE_FAMILY = "1,2";
			};
			name = Debug;
		};
		454DE1ED2BE3044500954F65 /* Release */ = {
			isa = XCBuildConfiguration;
			buildSettings = {
				ASSETCATALOG_COMPILER_APPICON_NAME = AppIcon;
				ASSETCATALOG_COMPILER_GLOBAL_ACCENT_COLOR_NAME = AccentColor;
				CODE_SIGN_STYLE = Automatic;
				CURRENT_PROJECT_VERSION = 1;
				DEVELOPMENT_ASSET_PATHS = "\"MovieBooking/Preview Content\"";
				DEVELOPMENT_TEAM = 7L98N84W3J;
				ENABLE_PREVIEWS = YES;
				GENERATE_INFOPLIST_FILE = YES;
				INFOPLIST_KEY_UIApplicationSceneManifest_Generation = YES;
				INFOPLIST_KEY_UIApplicationSupportsIndirectInputEvents = YES;
				INFOPLIST_KEY_UILaunchScreen_Generation = YES;
				INFOPLIST_KEY_UISupportedInterfaceOrientations_iPad = "UIInterfaceOrientationPortrait UIInterfaceOrientationPortraitUpsideDown UIInterfaceOrientationLandscapeLeft UIInterfaceOrientationLandscapeRight";
				INFOPLIST_KEY_UISupportedInterfaceOrientations_iPhone = "UIInterfaceOrientationPortrait UIInterfaceOrientationLandscapeLeft UIInterfaceOrientationLandscapeRight";
				LD_RUNPATH_SEARCH_PATHS = (
					"$(inherited)",
					"@executable_path/Frameworks",
				);
				MARKETING_VERSION = 1.0;
				PRODUCT_BUNDLE_IDENTIFIER = tech.alloy.MovieBooking;
				PRODUCT_NAME = "$(TARGET_NAME)";
				SWIFT_EMIT_LOC_STRINGS = YES;
				SWIFT_VERSION = 5.0;
				TARGETED_DEVICE_FAMILY = "1,2";
			};
			name = Release;
		};
/* End XCBuildConfiguration section */

/* Begin XCConfigurationList section */
		454DE1D82BE3044300954F65 /* Build configuration list for PBXProject "MovieBooking" */ = {
			isa = XCConfigurationList;
			buildConfigurations = (
				454DE1E92BE3044500954F65 /* Debug */,
				454DE1EA2BE3044500954F65 /* Release */,
			);
			defaultConfigurationIsVisible = 0;
			defaultConfigurationName = Release;
		};
		454DE1EB2BE3044500954F65 /* Build configuration list for PBXNativeTarget "MovieBooking" */ = {
			isa = XCConfigurationList;
			buildConfigurations = (
				454DE1EC2BE3044500954F65 /* Debug */,
				454DE1ED2BE3044500954F65 /* Release */,
			);
			defaultConfigurationIsVisible = 0;
			defaultConfigurationName = Release;
		};
/* End XCConfigurationList section */
	};
	rootObject = 454DE1D52BE3044300954F65 /* Project object */;
}
